
Microsoft Visual Studio Solution File, Format Version 12.00
# Visual Studio Version 16
VisualStudioVersion = 16.0.30907.101
MinimumVisualStudioVersion = 10.0.40219.1
Project("{FAE04EC0-301F-11D3-BF4B-00C04F79EFBC}") = "DateWords", "DateWords\DateWords.csproj", "{291AF72C-B121-4091-8EC2-BEC8C369345A}"
EndProject
Global
	GlobalSection(SolutionConfigurationPlatforms) = preSolution
		Debug|Any CPU = Debug|Any CPU
		Release|Any CPU = Release|Any CPU
	EndGlobalSection
	GlobalSection(ProjectConfigurationPlatforms) = postSolution
		{291AF72C-B121-4091-8EC2-BEC8C369345A}.Debug|Any CPU.ActiveCfg = Debug|Any CPU
		{291AF72C-B121-4091-8EC2-BEC8C369345A}.Debug|Any CPU.Build.0 = Debug|Any CPU
		{291AF72C-B121-4091-8EC2-BEC8C369345A}.Release|Any CPU.ActiveCfg = Release|Any CPU
		{291AF72C-B121-4091-8EC2-BEC8C369345A}.Release|Any CPU.Build.0 = Release|Any CPU
	EndGlobalSection
	GlobalSection(SolutionProperties) = preSolution
		HideSolutionNode = FALSE
	EndGlobalSection
	GlobalSection(ExtensibilityGlobals) = postSolution
		SolutionGuid = {B017038C-66AE-4B66-AF43-4E8AFDC2B753}
	EndGlobalSection
EndGlobal
